
Microsoft Visual Studio Solution File, Format Version 12.00
# Visual Studio Version 16
VisualStudioVersion = 16.0.32228.343
MinimumVisualStudioVersion = 10.0.40219.1
Project("{FAE04EC0-301F-11D3-BF4B-00C04F79EFBC}") = "algoritmica laborator1", "algoritmica laborator1.csproj", "{15F253CB-CEF2-4D43-ACCB-34964D46A0F4}"
EndProject
Global
	GlobalSection(SolutionConfigurationPlatforms) = preSolution
		Debug|Any CPU = Debug|Any CPU
		Release|Any CPU = Release|Any CPU
	EndGlobalSection
	GlobalSection(ProjectConfigurationPlatforms) = postSolution
		{15F253CB-CEF2-4D43-ACCB-34964D46A0F4}.Debug|Any CPU.ActiveCfg = Debug|Any CPU
		{15F253CB-CEF2-4D43-ACCB-34964D46A0F4}.Debug|Any CPU.Build.0 = Debug|Any CPU
		{15F253CB-CEF2-4D43-ACCB-34964D46A0F4}.Release|Any CPU.ActiveCfg = Release|Any CPU
		{15F253CB-CEF2-4D43-ACCB-34964D46A0F4}.Release|Any CPU.Build.0 = Release|Any CPU
	EndGlobalSection
	GlobalSection(SolutionProperties) = preSolution
		HideSolutionNode = FALSE
	EndGlobalSection
	GlobalSection(ExtensibilityGlobals) = postSolution
		SolutionGuid = {519E4147-455D-4F3B-A7B9-9B8709A8994F}
	EndGlobalSection
EndGlobal
